// !$*UTF8*$!
{
	archiveVersion = 1;
	classes = {
	};
	objectVersion = 56;
	objects = {

/* Begin PBXBuildFile section */
		15ADC9442EB3B850007D0349 /* Localizable.strings in Resources */ = {isa = PBXBuildFile; fileRef = 15ADC9462EB3B850007D0349 /* Localizable.strings */; };
		15ADC94A2EB3C26C007D0349 /* Strings+Generated.swift in Sources */ = {isa = PBXBuildFile; fileRef = 15ADC9492EB3C26C007D0349 /* Strings+Generated.swift */; };
		84271EE92EB074B900EF8DEB /* HomeController.swift in Sources */ = {isa = PBXBuildFile; fileRef = 84271EE82EB074B900EF8DEB /* HomeController.swift */; };
		84271EEC2EB074B900EF8DEB /* Base in Resources */ = {isa = PBXBuildFile; fileRef = 84271EEB2EB074B900EF8DEB /* Base */; };
		84271EEE2EB074BA00EF8DEB /* Assets.xcassets in Resources */ = {isa = PBXBuildFile; fileRef = 84271EED2EB074BA00EF8DEB /* Assets.xcassets */; };
		84271EF12EB074BA00EF8DEB /* Base in Resources */ = {isa = PBXBuildFile; fileRef = 84271EF02EB074BA00EF8DEB /* Base */; };
		845890852EB0A608009228B3 /* SceneDelegate.swift in Sources */ = {isa = PBXBuildFile; fileRef = 845890822EB0A608009228B3 /* SceneDelegate.swift */; };
		845890862EB0A608009228B3 /* AppDelegate.swift in Sources */ = {isa = PBXBuildFile; fileRef = 845890832EB0A608009228B3 /* AppDelegate.swift */; };
		8478B4CD2EB0C6F700E8D64E /* Poppins-Bold.ttf in Resources */ = {isa = PBXBuildFile; fileRef = 8478B4CC2EB0C6F700E8D64E /* Poppins-Bold.ttf */; };
		8478B4D12EB0C82200E8D64E /* Poppins-Regular.ttf in Resources */ = {isa = PBXBuildFile; fileRef = 8478B4CE2EB0C82200E8D64E /* Poppins-Regular.ttf */; };
		8478B4D22EB0C82200E8D64E /* Poppins-Medium.ttf in Resources */ = {isa = PBXBuildFile; fileRef = 8478B4CF2EB0C82200E8D64E /* Poppins-Medium.ttf */; };
		8478B4D32EB0C82200E8D64E /* Poppins-SemiBold.ttf in Resources */ = {isa = PBXBuildFile; fileRef = 8478B4D02EB0C82200E8D64E /* Poppins-SemiBold.ttf */; };
		84A0199D2EB49AC9004FD170 /* LogUtils.swift in Sources */ = {isa = PBXBuildFile; fileRef = 84A0199C2EB49AC9004FD170 /* LogUtils.swift */; };
		84A019A02EB49FF4004FD170 /* Splash.storyboard in Resources */ = {isa = PBXBuildFile; fileRef = 84A0199F2EB49FF4004FD170 /* Splash.storyboard */; };
		84A019A82EB4A827004FD170 /* CustomImageView.swift in Sources */ = {isa = PBXBuildFile; fileRef = 84A019A72EB4A827004FD170 /* CustomImageView.swift */; };
		84A019AA2EB4AF03004FD170 /* Fugazone-Regular.ttf in Resources */ = {isa = PBXBuildFile; fileRef = 84A019A92EB4AF03004FD170 /* Fugazone-Regular.ttf */; };
		84A019AD2EB4B862004FD170 /* LanguageFirstOpen.storyboard in Resources */ = {isa = PBXBuildFile; fileRef = 84A019AC2EB4B862004FD170 /* LanguageFirstOpen.storyboard */; };
		84A2B6892EB1A96D00C052A2 /* SplashController.swift in Sources */ = {isa = PBXBuildFile; fileRef = 84A2B6882EB1A96D00C052A2 /* SplashController.swift */; };
		84A2B68B2EB1AA1A00C052A2 /* FontExtension.swift in Sources */ = {isa = PBXBuildFile; fileRef = 84A2B68A2EB1AA1A00C052A2 /* FontExtension.swift */; };
		84A2B68E2EB1AF9E00C052A2 /* BaseViewController.swift in Sources */ = {isa = PBXBuildFile; fileRef = 84A2B68D2EB1AF9E00C052A2 /* BaseViewController.swift */; };
/* End PBXBuildFile section */

/* Begin PBXFileReference section */
		15ADC9452EB3B850007D0349 /* en */ = {isa = PBXFileReference; lastKnownFileType = text.plist.strings; name = en; path = en.lproj/Localizable.strings; sourceTree = "<group>"; };
		15ADC9472EB3B854007D0349 /* vi */ = {isa = PBXFileReference; lastKnownFileType = text.plist.strings; name = vi; path = vi.lproj/Localizable.strings; sourceTree = "<group>"; };
		15ADC9492EB3C26C007D0349 /* Strings+Generated.swift */ = {isa = PBXFileReference; fileEncoding = 4; lastKnownFileType = sourcecode.swift; name = "Strings+Generated.swift"; path = "Generated/Strings+Generated.swift"; sourceTree = "<group>"; };
		84271EE12EB074B900EF8DEB /* Gesture Snap.app */ = {isa = PBXFileReference; explicitFileType = wrapper.application; includeInIndex = 0; path = "Gesture Snap.app"; sourceTree = BUILT_PRODUCTS_DIR; };
		84271EE82EB074B900EF8DEB /* HomeController.swift */ = {isa = PBXFileReference; lastKnownFileType = sourcecode.swift; path = HomeController.swift; sourceTree = "<group>"; };
		84271EEB2EB074B900EF8DEB /* Base */ = {isa = PBXFileReference; lastKnownFileType = file.storyboard; name = Base; path = Base.lproj/Home.storyboard; sourceTree = "<group>"; };
		84271EED2EB074BA00EF8DEB /* Assets.xcassets */ = {isa = PBXFileReference; lastKnownFileType = folder.assetcatalog; path = Assets.xcassets; sourceTree = "<group>"; };
		84271EF02EB074BA00EF8DEB /* Base */ = {isa = PBXFileReference; lastKnownFileType = file.storyboard; name = Base; path = Base.lproj/LaunchScreen.storyboard; sourceTree = "<group>"; };
		845890822EB0A608009228B3 /* SceneDelegate.swift */ = {isa = PBXFileReference; fileEncoding = 4; lastKnownFileType = sourcecode.swift; path = SceneDelegate.swift; sourceTree = "<group>"; };
		845890832EB0A608009228B3 /* AppDelegate.swift */ = {isa = PBXFileReference; fileEncoding = 4; lastKnownFileType = sourcecode.swift; path = AppDelegate.swift; sourceTree = "<group>"; };
		845890842EB0A608009228B3 /* Info.plist */ = {isa = PBXFileReference; fileEncoding = 4; lastKnownFileType = text.plist.xml; path = Info.plist; sourceTree = "<group>"; };
		8478B4CC2EB0C6F700E8D64E /* Poppins-Bold.ttf */ = {isa = PBXFileReference; lastKnownFileType = file; path = "Poppins-Bold.ttf"; sourceTree = "<group>"; };
		8478B4CE2EB0C82200E8D64E /* Poppins-Regular.ttf */ = {isa = PBXFileReference; lastKnownFileType = file; path = "Poppins-Regular.ttf"; sourceTree = "<group>"; };
		8478B4CF2EB0C82200E8D64E /* Poppins-Medium.ttf */ = {isa = PBXFileReference; lastKnownFileType = file; path = "Poppins-Medium.ttf"; sourceTree = "<group>"; };
		8478B4D02EB0C82200E8D64E /* Poppins-SemiBold.ttf */ = {isa = PBXFileReference; lastKnownFileType = file; path = "Poppins-SemiBold.ttf"; sourceTree = "<group>"; };
		84A0199C2EB49AC9004FD170 /* LogUtils.swift */ = {isa = PBXFileReference; lastKnownFileType = sourcecode.swift; path = LogUtils.swift; sourceTree = "<group>"; };
		84A0199E2EB49FF4004FD170 /* Base */ = {isa = PBXFileReference; lastKnownFileType = file.storyboard; name = Base; path = Base.lproj/Splash.storyboard; sourceTree = "<group>"; };
		84A019A72EB4A827004FD170 /* CustomImageView.swift */ = {isa = PBXFileReference; lastKnownFileType = sourcecode.swift; path = CustomImageView.swift; sourceTree = "<group>"; };
		84A019A92EB4AF03004FD170 /* Fugazone-Regular.ttf */ = {isa = PBXFileReference; lastKnownFileType = file; path = "Fugazone-Regular.ttf"; sourceTree = "<group>"; };
		84A019AC2EB4B862004FD170 /* LanguageFirstOpen.storyboard */ = {isa = PBXFileReference; lastKnownFileType = file.storyboard; path = LanguageFirstOpen.storyboard; sourceTree = "<group>"; };
		84A2B6882EB1A96D00C052A2 /* SplashController.swift */ = {isa = PBXFileReference; lastKnownFileType = sourcecode.swift; path = SplashController.swift; sourceTree = "<group>"; };
		84A2B68A2EB1AA1A00C052A2 /* FontExtension.swift */ = {isa = PBXFileReference; lastKnownFileType = sourcecode.swift; path = FontExtension.swift; sourceTree = "<group>"; };
		84A2B68D2EB1AF9E00C052A2 /* BaseViewController.swift */ = {isa = PBXFileReference; lastKnownFileType = sourcecode.swift; path = BaseViewController.swift; sourceTree = "<group>"; };
/* End PBXFileReference section */

/* Begin PBXFrameworksBuildPhase section */
		84271EDE2EB074B900EF8DEB /* Frameworks */ = {
			isa = PBXFrameworksBuildPhase;
			buildActionMask = 2147483647;
			files = (
			);
			runOnlyForDeploymentPostprocessing = 0;
		};
/* End PBXFrameworksBuildPhase section */

/* Begin PBXGroup section */
		15ADC94C2EB3C29D007D0349 /* Generated */ = {
			isa = PBXGroup;
			children = (
				15ADC9492EB3C26C007D0349 /* Strings+Generated.swift */,
			);
			name = Generated;
			sourceTree = "<group>";
		};
		84271ED82EB074B900EF8DEB = {
			isa = PBXGroup;
			children = (
				84271EE32EB074B900EF8DEB /* Gesture Snap */,
				84271EE22EB074B900EF8DEB /* Products */,
			);
			sourceTree = "<group>";
		};
		84271EE22EB074B900EF8DEB /* Products */ = {
			isa = PBXGroup;
			children = (
				84271EE12EB074B900EF8DEB /* Gesture Snap.app */,
			);
			name = Products;
			sourceTree = "<group>";
		};
		84271EE32EB074B900EF8DEB /* Gesture Snap */ = {
			isa = PBXGroup;
			children = (
				84A019A62EB4A819004FD170 /* CustomView */,
				15ADC94C2EB3C29D007D0349 /* Generated */,
				84A2B68F2EB1AFAA00C052A2 /* App */,
				84A2B68C2EB1AF9100C052A2 /* Core */,
				8458908A2EB0A774009228B3 /* Resources */,
				845890892EB0A761009228B3 /* Utilities */,
				8458907E2EB0A2AC009228B3 /* Features */,
			);
			name = "Gesture Snap";
			path = "Gesture Snap IOS";
			sourceTree = "<group>";
		};
		8458907E2EB0A2AC009228B3 /* Features */ = {
			isa = PBXGroup;
			children = (
				84A019AB2EB4B83A004FD170 /* LanguageFirstOpen */,
				8458908B2EB0B448009228B3 /* Splash */,
				845890812EB0A3C0009228B3 /* Home */,
			);
			path = Features;
			sourceTree = "<group>";
		};
		845890812EB0A3C0009228B3 /* Home */ = {
			isa = PBXGroup;
			children = (
				84271EEA2EB074B900EF8DEB /* Home.storyboard */,
				84271EE82EB074B900EF8DEB /* HomeController.swift */,
			);
			path = Home;
			sourceTree = "<group>";
		};
		845890892EB0A761009228B3 /* Utilities */ = {
			isa = PBXGroup;
			children = (
				84A2B68A2EB1AA1A00C052A2 /* FontExtension.swift */,
				84A0199C2EB49AC9004FD170 /* LogUtils.swift */,
			);
			path = Utilities;
			sourceTree = "<group>";
		};
		8458908A2EB0A774009228B3 /* Resources */ = {
			isa = PBXGroup;
			children = (
				8478B4C32EB0B96D00E8D64E /* Fonts */,
				84271EED2EB074BA00EF8DEB /* Assets.xcassets */,
				84271EEF2EB074BA00EF8DEB /* LaunchScreen.storyboard */,
				15ADC9462EB3B850007D0349 /* Localizable.strings */,
			);
			path = Resources;
			sourceTree = "<group>";
		};
		8458908B2EB0B448009228B3 /* Splash */ = {
			isa = PBXGroup;
			children = (
				84A0199F2EB49FF4004FD170 /* Splash.storyboard */,
				84A2B6882EB1A96D00C052A2 /* SplashController.swift */,
			);
			path = Splash;
			sourceTree = "<group>";
		};
		8478B4C32EB0B96D00E8D64E /* Fonts */ = {
			isa = PBXGroup;
			children = (
				84A019A92EB4AF03004FD170 /* Fugazone-Regular.ttf */,
				8478B4CF2EB0C82200E8D64E /* Poppins-Medium.ttf */,
				8478B4CE2EB0C82200E8D64E /* Poppins-Regular.ttf */,
				8478B4D02EB0C82200E8D64E /* Poppins-SemiBold.ttf */,
				8478B4CC2EB0C6F700E8D64E /* Poppins-Bold.ttf */,
			);
			path = Fonts;
			sourceTree = "<group>";
		};
		84A019A62EB4A819004FD170 /* CustomView */ = {
			isa = PBXGroup;
			children = (
				84A019A72EB4A827004FD170 /* CustomImageView.swift */,
			);
			path = CustomView;
			sourceTree = "<group>";
		};
		84A019AB2EB4B83A004FD170 /* LanguageFirstOpen */ = {
			isa = PBXGroup;
			children = (
				84A019AC2EB4B862004FD170 /* LanguageFirstOpen.storyboard */,
			);
			path = LanguageFirstOpen;
			sourceTree = "<group>";
		};
		84A2B68C2EB1AF9100C052A2 /* Core */ = {
			isa = PBXGroup;
			children = (
				84A2B68D2EB1AF9E00C052A2 /* BaseViewController.swift */,
			);
			path = Core;
			sourceTree = "<group>";
		};
		84A2B68F2EB1AFAA00C052A2 /* App */ = {
			isa = PBXGroup;
			children = (
				845890832EB0A608009228B3 /* AppDelegate.swift */,
				845890842EB0A608009228B3 /* Info.plist */,
				845890822EB0A608009228B3 /* SceneDelegate.swift */,
			);
			path = App;
			sourceTree = "<group>";
		};
/* End PBXGroup section */

/* Begin PBXNativeTarget section */
		84271EE02EB074B900EF8DEB /* Gesture Snap */ = {
			isa = PBXNativeTarget;
			buildConfigurationList = 84271EF52EB074BA00EF8DEB /* Build configuration list for PBXNativeTarget "Gesture Snap" */;
			buildPhases = (
				84271EDD2EB074B900EF8DEB /* Sources */,
				84271EDE2EB074B900EF8DEB /* Frameworks */,
				84271EDF2EB074B900EF8DEB /* Resources */,
				15ADC9482EB3C168007D0349 /* ShellScript */,
			);
			buildRules = (
			);
			dependencies = (
			);
			name = "Gesture Snap";
			productName = "Gesture Snap";
			productReference = 84271EE12EB074B900EF8DEB /* Gesture Snap.app */;
			productType = "com.apple.product-type.application";
		};
/* End PBXNativeTarget section */

/* Begin PBXProject section */
		84271ED92EB074B900EF8DEB /* Project object */ = {
			isa = PBXProject;
			attributes = {
				BuildIndependentTargetsInParallel = 1;
				LastSwiftUpdateCheck = 1540;
				LastUpgradeCheck = 1540;
				TargetAttributes = {
					84271EE02EB074B900EF8DEB = {
						CreatedOnToolsVersion = 15.4;
					};
				};
			};
			buildConfigurationList = 84271EDC2EB074B900EF8DEB /* Build configuration list for PBXProject "Gesture Snap IOS" */;
			compatibilityVersion = "Xcode 14.0";
			developmentRegion = en;
			hasScannedForEncodings = 0;
			knownRegions = (
				en,
				Base,
				vi,
			);
			mainGroup = 84271ED82EB074B900EF8DEB;
			productRefGroup = 84271EE22EB074B900EF8DEB /* Products */;
			projectDirPath = "";
			projectRoot = "";
			targets = (
				84271EE02EB074B900EF8DEB /* Gesture Snap */,
			);
		};
/* End PBXProject section */

/* Begin PBXResourcesBuildPhase section */
		84271EDF2EB074B900EF8DEB /* Resources */ = {
			isa = PBXResourcesBuildPhase;
			buildActionMask = 2147483647;
			files = (
				84A019AD2EB4B862004FD170 /* LanguageFirstOpen.storyboard in Resources */,
				8478B4CD2EB0C6F700E8D64E /* Poppins-Bold.ttf in Resources */,
				8478B4D22EB0C82200E8D64E /* Poppins-Medium.ttf in Resources */,
				84271EEE2EB074BA00EF8DEB /* Assets.xcassets in Resources */,
				84271EF12EB074BA00EF8DEB /* Base in Resources */,
				15ADC9442EB3B850007D0349 /* Localizable.strings in Resources */,
				84271EEC2EB074B900EF8DEB /* Base in Resources */,
				84A019AA2EB4AF03004FD170 /* Fugazone-Regular.ttf in Resources */,
				84A019A02EB49FF4004FD170 /* Splash.storyboard in Resources */,
				8478B4D32EB0C82200E8D64E /* Poppins-SemiBold.ttf in Resources */,
				8478B4D12EB0C82200E8D64E /* Poppins-Regular.ttf in Resources */,
			);
			runOnlyForDeploymentPostprocessing = 0;
		};
/* End PBXResourcesBuildPhase section */

/* Begin PBXShellScriptBuildPhase section */
		15ADC9482EB3C168007D0349 /* ShellScript */ = {
			isa = PBXShellScriptBuildPhase;
			buildActionMask = 2147483647;
			files = (
			);
			inputFileListPaths = (
			);
			inputPaths = (
			);
			outputFileListPaths = (
			);
			outputPaths = (
			);
			runOnlyForDeploymentPostprocessing = 0;
			shellPath = /bin/sh;
			shellScript = "# Type a script or drag a script file from your workspace to insert its path.\nif which swiftgen >/dev/null; then\n  swiftgen\nelse\n  echo \"warning: SwiftGen not installed! Install it with 'brew install swiftgen'\"\nfi\n";
		};
/* End PBXShellScriptBuildPhase section */

/* Begin PBXSourcesBuildPhase section */
		84271EDD2EB074B900EF8DEB /* Sources */ = {
			isa = PBXSourcesBuildPhase;
			buildActionMask = 2147483647;
			files = (
				84A019A82EB4A827004FD170 /* CustomImageView.swift in Sources */,
				84A2B68B2EB1AA1A00C052A2 /* FontExtension.swift in Sources */,
				84A2B6892EB1A96D00C052A2 /* SplashController.swift in Sources */,
				845890862EB0A608009228B3 /* AppDelegate.swift in Sources */,
				84271EE92EB074B900EF8DEB /* HomeController.swift in Sources */,
				84A0199D2EB49AC9004FD170 /* LogUtils.swift in Sources */,
				15ADC94A2EB3C26C007D0349 /* Strings+Generated.swift in Sources */,
				845890852EB0A608009228B3 /* SceneDelegate.swift in Sources */,
				84A2B68E2EB1AF9E00C052A2 /* BaseViewController.swift in Sources */,
			);
			runOnlyForDeploymentPostprocessing = 0;
		};
/* End PBXSourcesBuildPhase section */

/* Begin PBXVariantGroup section */
		15ADC9462EB3B850007D0349 /* Localizable.strings */ = {
			isa = PBXVariantGroup;
			children = (
				15ADC9452EB3B850007D0349 /* en */,
				15ADC9472EB3B854007D0349 /* vi */,
			);
			name = Localizable.strings;
			sourceTree = "<group>";
		};
		84271EEA2EB074B900EF8DEB /* Home.storyboard */ = {
			isa = PBXVariantGroup;
			children = (
				84271EEB2EB074B900EF8DEB /* Base */,
			);
			name = Home.storyboard;
			sourceTree = "<group>";
		};
		84271EEF2EB074BA00EF8DEB /* LaunchScreen.storyboard */ = {
			isa = PBXVariantGroup;
			children = (
				84271EF02EB074BA00EF8DEB /* Base */,
			);
			name = LaunchScreen.storyboard;
			sourceTree = "<group>";
		};
		84A0199F2EB49FF4004FD170 /* Splash.storyboard */ = {
			isa = PBXVariantGroup;
			children = (
				84A0199E2EB49FF4004FD170 /* Base */,
			);
			name = Splash.storyboard;
			sourceTree = "<group>";
		};
/* End PBXVariantGroup section */

/* Begin XCBuildConfiguration section */
		84271EF32EB074BA00EF8DEB /* Debug */ = {
			isa = XCBuildConfiguration;
			buildSettings = {
				ALWAYS_SEARCH_USER_PATHS = NO;
				ASSETCATALOG_COMPILER_GENERATE_SWIFT_ASSET_SYMBOL_EXTENSIONS = YES;
				CLANG_ANALYZER_LOCALIZABILITY_NONLOCALIZED = YES;
				CLANG_ANALYZER_NONNULL = YES;
				CLANG_ANALYZER_NUMBER_OBJECT_CONVERSION = YES_AGGRESSIVE;
				CLANG_CXX_LANGUAGE_STANDARD = "gnu++20";
				CLANG_ENABLE_MODULES = YES;
				CLANG_ENABLE_OBJC_ARC = YES;
				CLANG_ENABLE_OBJC_WEAK = YES;
				CLANG_WARN_BLOCK_CAPTURE_AUTORELEASING = YES;
				CLANG_WARN_BOOL_CONVERSION = YES;
				CLANG_WARN_COMMA = YES;
				CLANG_WARN_CONSTANT_CONVERSION = YES;
				CLANG_WARN_DEPRECATED_OBJC_IMPLEMENTATIONS = YES;
				CLANG_WARN_DIRECT_OBJC_ISA_USAGE = YES_ERROR;
				CLANG_WARN_DOCUMENTATION_COMMENTS = YES;
				CLANG_WARN_EMPTY_BODY = YES;
				CLANG_WARN_ENUM_CONVERSION = YES;
				CLANG_WARN_INFINITE_RECURSION = YES;
				CLANG_WARN_INT_CONVERSION = YES;
				CLANG_WARN_NON_LITERAL_NULL_CONVERSION = YES;
				CLANG_WARN_OBJC_IMPLICIT_RETAIN_SELF = YES;
				CLANG_WARN_OBJC_LITERAL_CONVERSION = YES;
				CLANG_WARN_OBJC_ROOT_CLASS = YES_ERROR;
				CLANG_WARN_QUOTED_INCLUDE_IN_FRAMEWORK_HEADER = YES;
				CLANG_WARN_RANGE_LOOP_ANALYSIS = YES;
				CLANG_WARN_STRICT_PROTOTYPES = YES;
				CLANG_WARN_SUSPICIOUS_MOVE = YES;
				CLANG_WARN_UNGUARDED_AVAILABILITY = YES_AGGRESSIVE;
				CLANG_WARN_UNREACHABLE_CODE = YES;
				CLANG_WARN__DUPLICATE_METHOD_MATCH = YES;
				COPY_PHASE_STRIP = NO;
				DEBUG_INFORMATION_FORMAT = dwarf;
				ENABLE_STRICT_OBJC_MSGSEND = YES;
				ENABLE_TESTABILITY = YES;
				ENABLE_USER_SCRIPT_SANDBOXING = YES;
				GCC_C_LANGUAGE_STANDARD = gnu17;
				GCC_DYNAMIC_NO_PIC = NO;
				GCC_NO_COMMON_BLOCKS = YES;
				GCC_OPTIMIZATION_LEVEL = 0;
				GCC_PREPROCESSOR_DEFINITIONS = (
					"DEBUG=1",
					"$(inherited)",
				);
				GCC_WARN_64_TO_32_BIT_CONVERSION = YES;
				GCC_WARN_ABOUT_RETURN_TYPE = YES_ERROR;
				GCC_WARN_UNDECLARED_SELECTOR = YES;
				GCC_WARN_UNINITIALIZED_AUTOS = YES_AGGRESSIVE;
				GCC_WARN_UNUSED_FUNCTION = YES;
				GCC_WARN_UNUSED_VARIABLE = YES;
				IPHONEOS_DEPLOYMENT_TARGET = 17.5;
				LOCALIZATION_PREFERS_STRING_CATALOGS = YES;
				MTL_ENABLE_DEBUG_INFO = INCLUDE_SOURCE;
				MTL_FAST_MATH = YES;
				ONLY_ACTIVE_ARCH = YES;
				SDKROOT = iphoneos;
				SWIFT_ACTIVE_COMPILATION_CONDITIONS = "DEBUG $(inherited)";
				SWIFT_OPTIMIZATION_LEVEL = "-Onone";
			};
			name = Debug;
		};
		84271EF42EB074BA00EF8DEB /* Release */ = {
			isa = XCBuildConfiguration;
			buildSettings = {
				ALWAYS_SEARCH_USER_PATHS = NO;
				ASSETCATALOG_COMPILER_GENERATE_SWIFT_ASSET_SYMBOL_EXTENSIONS = YES;
				CLANG_ANALYZER_LOCALIZABILITY_NONLOCALIZED = YES;
				CLANG_ANALYZER_NONNULL = YES;
				CLANG_ANALYZER_NUMBER_OBJECT_CONVERSION = YES_AGGRESSIVE;
				CLANG_CXX_LANGUAGE_STANDARD = "gnu++20";
				CLANG_ENABLE_MODULES = YES;
				CLANG_ENABLE_OBJC_ARC = YES;
				CLANG_ENABLE_OBJC_WEAK = YES;
				CLANG_WARN_BLOCK_CAPTURE_AUTORELEASING = YES;
				CLANG_WARN_BOOL_CONVERSION = YES;
				CLANG_WARN_COMMA = YES;
				CLANG_WARN_CONSTANT_CONVERSION = YES;
				CLANG_WARN_DEPRECATED_OBJC_IMPLEMENTATIONS = YES;
				CLANG_WARN_DIRECT_OBJC_ISA_USAGE = YES_ERROR;
				CLANG_WARN_DOCUMENTATION_COMMENTS = YES;
				CLANG_WARN_EMPTY_BODY = YES;
				CLANG_WARN_ENUM_CONVERSION = YES;
				CLANG_WARN_INFINITE_RECURSION = YES;
				CLANG_WARN_INT_CONVERSION = YES;
				CLANG_WARN_NON_LITERAL_NULL_CONVERSION = YES;
				CLANG_WARN_OBJC_IMPLICIT_RETAIN_SELF = YES;
				CLANG_WARN_OBJC_LITERAL_CONVERSION = YES;
				CLANG_WARN_OBJC_ROOT_CLASS = YES_ERROR;
				CLANG_WARN_QUOTED_INCLUDE_IN_FRAMEWORK_HEADER = YES;
				CLANG_WARN_RANGE_LOOP_ANALYSIS = YES;
				CLANG_WARN_STRICT_PROTOTYPES = YES;
				CLANG_WARN_SUSPICIOUS_MOVE = YES;
				CLANG_WARN_UNGUARDED_AVAILABILITY = YES_AGGRESSIVE;
				CLANG_WARN_UNREACHABLE_CODE = YES;
				CLANG_WARN__DUPLICATE_METHOD_MATCH = YES;
				COPY_PHASE_STRIP = NO;
				DEBUG_INFORMATION_FORMAT = "dwarf-with-dsym";
				ENABLE_NS_ASSERTIONS = NO;
				ENABLE_STRICT_OBJC_MSGSEND = YES;
				ENABLE_USER_SCRIPT_SANDBOXING = YES;
				GCC_C_LANGUAGE_STANDARD = gnu17;
				GCC_NO_COMMON_BLOCKS = YES;
				GCC_WARN_64_TO_32_BIT_CONVERSION = YES;
				GCC_WARN_ABOUT_RETURN_TYPE = YES_ERROR;
				GCC_WARN_UNDECLARED_SELECTOR = YES;
				GCC_WARN_UNINITIALIZED_AUTOS = YES_AGGRESSIVE;
				GCC_WARN_UNUSED_FUNCTION = YES;
				GCC_WARN_UNUSED_VARIABLE = YES;
				IPHONEOS_DEPLOYMENT_TARGET = 17.5;
				LOCALIZATION_PREFERS_STRING_CATALOGS = YES;
				MTL_ENABLE_DEBUG_INFO = NO;
				MTL_FAST_MATH = YES;
				SDKROOT = iphoneos;
				SWIFT_COMPILATION_MODE = wholemodule;
				VALIDATE_PRODUCT = YES;
			};
			name = Release;
		};
		84271EF62EB074BA00EF8DEB /* Debug */ = {
			isa = XCBuildConfiguration;
			buildSettings = {
				ASSETCATALOG_COMPILER_APPICON_NAME = AppIcon;
				ASSETCATALOG_COMPILER_GLOBAL_ACCENT_COLOR_NAME = AccentColor;
				ASSETCATALOG_COMPILER_INCLUDE_ALL_APPICON_ASSETS = NO;
				CODE_SIGN_STYLE = Automatic;
				CURRENT_PROJECT_VERSION = 100;
				GENERATE_INFOPLIST_FILE = YES;
				INFOPLIST_FILE = "Gesture Snap IOS/App/Info.plist";
				INFOPLIST_KEY_CFBundleDisplayName = "Snap By Gesture";
				INFOPLIST_KEY_UIApplicationSupportsIndirectInputEvents = YES;
				INFOPLIST_KEY_UILaunchStoryboardName = LaunchScreen;
				INFOPLIST_KEY_UIMainStoryboardFile = Splash;
				INFOPLIST_KEY_UISupportedInterfaceOrientations = UIInterfaceOrientationPortrait;
				IPHONEOS_DEPLOYMENT_TARGET = 16.4;
				LD_RUNPATH_SEARCH_PATHS = (
					"$(inherited)",
					"@executable_path/Frameworks",
				);
				MARKETING_VERSION = 1.0.0;
				PRODUCT_BUNDLE_IDENTIFIER = "com.gesturesnap.ai.camera.Gesture-Snap";
				PRODUCT_NAME = "$(TARGET_NAME)";
				SUPPORTED_PLATFORMS = "iphoneos iphonesimulator";
				SUPPORTS_MACCATALYST = NO;
				SUPPORTS_MAC_DESIGNED_FOR_IPHONE_IPAD = NO;
				SUPPORTS_XR_DESIGNED_FOR_IPHONE_IPAD = NO;
				SWIFT_EMIT_LOC_STRINGS = YES;
				SWIFT_VERSION = 5.0;
				TARGETED_DEVICE_FAMILY = "1,2";
			};
			name = Debug;
		};
		84271EF72EB074BA00EF8DEB /* Release */ = {
			isa = XCBuildConfiguration;
			buildSettings = {
				ASSETCATALOG_COMPILER_APPICON_NAME = AppIcon;
				ASSETCATALOG_COMPILER_GLOBAL_ACCENT_COLOR_NAME = AccentColor;
				ASSETCATALOG_COMPILER_INCLUDE_ALL_APPICON_ASSETS = NO;
				CODE_SIGN_STYLE = Automatic;
				CURRENT_PROJECT_VERSION = 100;
				GENERATE_INFOPLIST_FILE = YES;
				INFOPLIST_FILE = "Gesture Snap IOS/App/Info.plist";
				INFOPLIST_KEY_CFBundleDisplayName = "Snap By Gesture";
				INFOPLIST_KEY_UIApplicationSupportsIndirectInputEvents = YES;
				INFOPLIST_KEY_UILaunchStoryboardName = LaunchScreen;
				INFOPLIST_KEY_UIMainStoryboardFile = Splash;
				INFOPLIST_KEY_UISupportedInterfaceOrientations = UIInterfaceOrientationPortrait;
				IPHONEOS_DEPLOYMENT_TARGET = 16.4;
				LD_RUNPATH_SEARCH_PATHS = (
					"$(inherited)",
					"@executable_path/Frameworks",
				);
				MARKETING_VERSION = 1.0.0;
				PRODUCT_BUNDLE_IDENTIFIER = "com.gesturesnap.ai.camera.Gesture-Snap";
				PRODUCT_NAME = "$(TARGET_NAME)";
				SUPPORTED_PLATFORMS = "iphoneos iphonesimulator";
				SUPPORTS_MACCATALYST = NO;
				SUPPORTS_MAC_DESIGNED_FOR_IPHONE_IPAD = NO;
				SUPPORTS_XR_DESIGNED_FOR_IPHONE_IPAD = NO;
				SWIFT_EMIT_LOC_STRINGS = YES;
				SWIFT_VERSION = 5.0;
				TARGETED_DEVICE_FAMILY = "1,2";
			};
			name = Release;
		};
/* End XCBuildConfiguration section */

/* Begin XCConfigurationList section */
		84271EDC2EB074B900EF8DEB /* Build configuration list for PBXProject "Gesture Snap IOS" */ = {
			isa = XCConfigurationList;
			buildConfigurations = (
				84271EF32EB074BA00EF8DEB /* Debug */,
				84271EF42EB074BA00EF8DEB /* Release */,
			);
			defaultConfigurationIsVisible = 0;
			defaultConfigurationName = Release;
		};
		84271EF52EB074BA00EF8DEB /* Build configuration list for PBXNativeTarget "Gesture Snap" */ = {
			isa = XCConfigurationList;
			buildConfigurations = (
				84271EF62EB074BA00EF8DEB /* Debug */,
				84271EF72EB074BA00EF8DEB /* Release */,
			);
			defaultConfigurationIsVisible = 0;
			defaultConfigurationName = Release;
		};
/* End XCConfigurationList section */
	};
	rootObject = 84271ED92EB074B900EF8DEB /* Project object */;
}
